
Microsoft Visual Studio Solution File, Format Version 12.00
# Visual Studio Version 17
VisualStudioVersion = 17.4.33122.133
MinimumVisualStudioVersion = 10.0.40219.1
Project("{FAE04EC0-301F-11D3-BF4B-00C04F79EFBC}") = "LvdwiczakColors", "LvdwiczakColors\LvdwiczakColors.csproj", "{B239B8E6-FC21-4CC9-B167-6D8266B6CB8A}"
EndProject
Global
	GlobalSection(SolutionConfigurationPlatforms) = preSolution
		Debug|Any CPU = Debug|Any CPU
		Release|Any CPU = Release|Any CPU
	EndGlobalSection
	GlobalSection(ProjectConfigurationPlatforms) = postSolution
		{B239B8E6-FC21-4CC9-B167-6D8266B6CB8A}.Debug|Any CPU.ActiveCfg = Debug|Any CPU
		{B239B8E6-FC21-4CC9-B167-6D8266B6CB8A}.Debug|Any CPU.Build.0 = Debug|Any CPU
		{B239B8E6-FC21-4CC9-B167-6D8266B6CB8A}.Release|Any CPU.ActiveCfg = Release|Any CPU
		{B239B8E6-FC21-4CC9-B167-6D8266B6CB8A}.Release|Any CPU.Build.0 = Release|Any CPU
	EndGlobalSection
	GlobalSection(SolutionProperties) = preSolution
		HideSolutionNode = FALSE
	EndGlobalSection
	GlobalSection(ExtensibilityGlobals) = postSolution
		SolutionGuid = {5CE653F4-3AA0-44AF-AFB1-7A792B080521}
	EndGlobalSection
EndGlobal
